
Microsoft Visual Studio Solution File, Format Version 12.00
# Visual Studio Version 17
VisualStudioVersion = 17.1.32210.238
MinimumVisualStudioVersion = 10.0.40219.1
Project("{FAE04EC0-301F-11D3-BF4B-00C04F79EFBC}") = "StreamingPlatforma2", "StreamingPlatforma2\StreamingPlatforma2.csproj", "{C14D607E-7EEE-4EAE-83D5-899A9DC2DB33}"
EndProject
Global
	GlobalSection(SolutionConfigurationPlatforms) = preSolution
		Debug|Any CPU = Debug|Any CPU
		Release|Any CPU = Release|Any CPU
	EndGlobalSection
	GlobalSection(ProjectConfigurationPlatforms) = postSolution
		{C14D607E-7EEE-4EAE-83D5-899A9DC2DB33}.Debug|Any CPU.ActiveCfg = Debug|Any CPU
		{C14D607E-7EEE-4EAE-83D5-899A9DC2DB33}.Debug|Any CPU.Build.0 = Debug|Any CPU
		{C14D607E-7EEE-4EAE-83D5-899A9DC2DB33}.Release|Any CPU.ActiveCfg = Release|Any CPU
		{C14D607E-7EEE-4EAE-83D5-899A9DC2DB33}.Release|Any CPU.Build.0 = Release|Any CPU
	EndGlobalSection
	GlobalSection(SolutionProperties) = preSolution
		HideSolutionNode = FALSE
	EndGlobalSection
	GlobalSection(ExtensibilityGlobals) = postSolution
		SolutionGuid = {014BD731-BE6E-4648-AAAA-0D9765B49845}
	EndGlobalSection
EndGlobal
