
Microsoft Visual Studio Solution File, Format Version 12.00
# Visual Studio Version 17
VisualStudioVersion = 17.1.32210.238
MinimumVisualStudioVersion = 10.0.40219.1
Project("{FAE04EC0-301F-11D3-BF4B-00C04F79EFBC}") = "Kino2", "Kino2\Kino2.csproj", "{6819A14D-3E56-4A41-8DB1-289E15B898F3}"
EndProject
Global
	GlobalSection(SolutionConfigurationPlatforms) = preSolution
		Debug|Any CPU = Debug|Any CPU
		Release|Any CPU = Release|Any CPU
	EndGlobalSection
	GlobalSection(ProjectConfigurationPlatforms) = postSolution
		{6819A14D-3E56-4A41-8DB1-289E15B898F3}.Debug|Any CPU.ActiveCfg = Debug|Any CPU
		{6819A14D-3E56-4A41-8DB1-289E15B898F3}.Debug|Any CPU.Build.0 = Debug|Any CPU
		{6819A14D-3E56-4A41-8DB1-289E15B898F3}.Release|Any CPU.ActiveCfg = Release|Any CPU
		{6819A14D-3E56-4A41-8DB1-289E15B898F3}.Release|Any CPU.Build.0 = Release|Any CPU
	EndGlobalSection
	GlobalSection(SolutionProperties) = preSolution
		HideSolutionNode = FALSE
	EndGlobalSection
	GlobalSection(ExtensibilityGlobals) = postSolution
		SolutionGuid = {7E917B3D-2DFB-420B-BE4D-8E4C0D619550}
	EndGlobalSection
EndGlobal
